// !$*UTF8*$!
{
	archiveVersion = 1;
	classes = {
	};
	objectVersion = 46;
	objects = {

/* Begin PBXBuildFile section */
		D22839951A82011F00855FDC /* main.m in Sources */ = {isa = PBXBuildFile; fileRef = D22839941A82011F00855FDC /* main.m */; };
		D22839981A82011F00855FDC /* AppDelegate.m in Sources */ = {isa = PBXBuildFile; fileRef = D22839971A82011F00855FDC /* AppDelegate.m */; };
		D22839A01A82011F00855FDC /* Images.xcassets in Resources */ = {isa = PBXBuildFile; fileRef = D228399F1A82011F00855FDC /* Images.xcassets */; };
		D22839A31A82011F00855FDC /* LaunchScreen.xib in Resources */ = {isa = PBXBuildFile; fileRef = D22839A11A82011F00855FDC /* LaunchScreen.xib */; };
		D22839AF1A82011F00855FDC /* TouchTrackerTests.m in Sources */ = {isa = PBXBuildFile; fileRef = D22839AE1A82011F00855FDC /* TouchTrackerTests.m */; };
		D22839BA1A82073000855FDC /* KHOLine.m in Sources */ = {isa = PBXBuildFile; fileRef = D22839B91A82073000855FDC /* KHOLine.m */; };
		D22839BD1A82076D00855FDC /* KHODrawView.m in Sources */ = {isa = PBXBuildFile; fileRef = D22839BC1A82076D00855FDC /* KHODrawView.m */; };
		D22839C01A82079F00855FDC /* KHODrawViewController.m in Sources */ = {isa = PBXBuildFile; fileRef = D22839BF1A82079F00855FDC /* KHODrawViewController.m */; };
/* End PBXBuildFile section */

/* Begin PBXContainerItemProxy section */
		D22839A91A82011F00855FDC /* PBXContainerItemProxy */ = {
			isa = PBXContainerItemProxy;
			containerPortal = D22839871A82011F00855FDC /* Project object */;
			proxyType = 1;
			remoteGlobalIDString = D228398E1A82011F00855FDC;
			remoteInfo = TouchTracker;
		};
/* End PBXContainerItemProxy section */

/* Begin PBXFileReference section */
		D228398F1A82011F00855FDC /* TouchTracker.app */ = {isa = PBXFileReference; explicitFileType = wrapper.application; includeInIndex = 0; path = TouchTracker.app; sourceTree = BUILT_PRODUCTS_DIR; };
		D22839931A82011F00855FDC /* Info.plist */ = {isa = PBXFileReference; lastKnownFileType = text.plist.xml; path = Info.plist; sourceTree = "<group>"; };
		D22839941A82011F00855FDC /* main.m */ = {isa = PBXFileReference; lastKnownFileType = sourcecode.c.objc; path = main.m; sourceTree = "<group>"; };
		D22839961A82011F00855FDC /* AppDelegate.h */ = {isa = PBXFileReference; lastKnownFileType = sourcecode.c.h; path = AppDelegate.h; sourceTree = "<group>"; };
		D22839971A82011F00855FDC /* AppDelegate.m */ = {isa = PBXFileReference; lastKnownFileType = sourcecode.c.objc; path = AppDelegate.m; sourceTree = "<group>"; };
		D228399F1A82011F00855FDC /* Images.xcassets */ = {isa = PBXFileReference; lastKnownFileType = folder.assetcatalog; path = Images.xcassets; sourceTree = "<group>"; };
		D22839A21A82011F00855FDC /* Base */ = {isa = PBXFileReference; lastKnownFileType = file.xib; name = Base; path = Base.lproj/LaunchScreen.xib; sourceTree = "<group>"; };
		D22839A81A82011F00855FDC /* TouchTrackerTests.xctest */ = {isa = PBXFileReference; explicitFileType = wrapper.cfbundle; includeInIndex = 0; path = TouchTrackerTests.xctest; sourceTree = BUILT_PRODUCTS_DIR; };
		D22839AD1A82011F00855FDC /* Info.plist */ = {isa = PBXFileReference; lastKnownFileType = text.plist.xml; path = Info.plist; sourceTree = "<group>"; };
		D22839AE1A82011F00855FDC /* TouchTrackerTests.m */ = {isa = PBXFileReference; lastKnownFileType = sourcecode.c.objc; path = TouchTrackerTests.m; sourceTree = "<group>"; };
		D22839B81A82073000855FDC /* KHOLine.h */ = {isa = PBXFileReference; fileEncoding = 4; lastKnownFileType = sourcecode.c.h; path = KHOLine.h; sourceTree = "<group>"; };
		D22839B91A82073000855FDC /* KHOLine.m */ = {isa = PBXFileReference; fileEncoding = 4; lastKnownFileType = sourcecode.c.objc; path = KHOLine.m; sourceTree = "<group>"; };
		D22839BB1A82076D00855FDC /* KHODrawView.h */ = {isa = PBXFileReference; fileEncoding = 4; lastKnownFileType = sourcecode.c.h; path = KHODrawView.h; sourceTree = "<group>"; };
		D22839BC1A82076D00855FDC /* KHODrawView.m */ = {isa = PBXFileReference; fileEncoding = 4; lastKnownFileType = sourcecode.c.objc; path = KHODrawView.m; sourceTree = "<group>"; };
		D22839BE1A82079F00855FDC /* KHODrawViewController.h */ = {isa = PBXFileReference; fileEncoding = 4; lastKnownFileType = sourcecode.c.h; path = KHODrawViewController.h; sourceTree = "<group>"; };
		D22839BF1A82079F00855FDC /* KHODrawViewController.m */ = {isa = PBXFileReference; fileEncoding = 4; lastKnownFileType = sourcecode.c.objc; path = KHODrawViewController.m; sourceTree = "<group>"; };
/* End PBXFileReference section */

/* Begin PBXFrameworksBuildPhase section */
		D228398C1A82011F00855FDC /* Frameworks */ = {
			isa = PBXFrameworksBuildPhase;
			buildActionMask = 2147483647;
			files = (
			);
			runOnlyForDeploymentPostprocessing = 0;
		};
		D22839A51A82011F00855FDC /* Frameworks */ = {
			isa = PBXFrameworksBuildPhase;
			buildActionMask = 2147483647;
			files = (
			);
			runOnlyForDeploymentPostprocessing = 0;
		};
/* End PBXFrameworksBuildPhase section */

/* Begin PBXGroup section */
		D22839861A82011F00855FDC = {
			isa = PBXGroup;
			children = (
				D22839911A82011F00855FDC /* TouchTracker */,
				D22839AB1A82011F00855FDC /* TouchTrackerTests */,
				D22839901A82011F00855FDC /* Products */,
			);
			sourceTree = "<group>";
		};
		D22839901A82011F00855FDC /* Products */ = {
			isa = PBXGroup;
			children = (
				D228398F1A82011F00855FDC /* TouchTracker.app */,
				D22839A81A82011F00855FDC /* TouchTrackerTests.xctest */,
			);
			name = Products;
			sourceTree = "<group>";
		};
		D22839911A82011F00855FDC /* TouchTracker */ = {
			isa = PBXGroup;
			children = (
				D22839BE1A82079F00855FDC /* KHODrawViewController.h */,
				D22839BF1A82079F00855FDC /* KHODrawViewController.m */,
				D22839961A82011F00855FDC /* AppDelegate.h */,
				D22839971A82011F00855FDC /* AppDelegate.m */,
				D22839B81A82073000855FDC /* KHOLine.h */,
				D22839B91A82073000855FDC /* KHOLine.m */,
				D22839BB1A82076D00855FDC /* KHODrawView.h */,
				D22839BC1A82076D00855FDC /* KHODrawView.m */,
				D228399F1A82011F00855FDC /* Images.xcassets */,
				D22839A11A82011F00855FDC /* LaunchScreen.xib */,
				D22839921A82011F00855FDC /* Supporting Files */,
			);
			path = TouchTracker;
			sourceTree = "<group>";
		};
		D22839921A82011F00855FDC /* Supporting Files */ = {
			isa = PBXGroup;
			children = (
				D22839931A82011F00855FDC /* Info.plist */,
				D22839941A82011F00855FDC /* main.m */,
			);
			name = "Supporting Files";
			sourceTree = "<group>";
		};
		D22839AB1A82011F00855FDC /* TouchTrackerTests */ = {
			isa = PBXGroup;
			children = (
				D22839AE1A82011F00855FDC /* TouchTrackerTests.m */,
				D22839AC1A82011F00855FDC /* Supporting Files */,
			);
			path = TouchTrackerTests;
			sourceTree = "<group>";
		};
		D22839AC1A82011F00855FDC /* Supporting Files */ = {
			isa = PBXGroup;
			children = (
				D22839AD1A82011F00855FDC /* Info.plist */,
			);
			name = "Supporting Files";
			sourceTree = "<group>";
		};
/* End PBXGroup section */

/* Begin PBXNativeTarget section */
		D228398E1A82011F00855FDC /* TouchTracker */ = {
			isa = PBXNativeTarget;
			buildConfigurationList = D22839B21A82011F00855FDC /* Build configuration list for PBXNativeTarget "TouchTracker" */;
			buildPhases = (
				D228398B1A82011F00855FDC /* Sources */,
				D228398C1A82011F00855FDC /* Frameworks */,
				D228398D1A82011F00855FDC /* Resources */,
			);
			buildRules = (
			);
			dependencies = (
			);
			name = TouchTracker;
			productName = TouchTracker;
			productReference = D228398F1A82011F00855FDC /* TouchTracker.app */;
			productType = "com.apple.product-type.application";
		};
		D22839A71A82011F00855FDC /* TouchTrackerTests */ = {
			isa = PBXNativeTarget;
			buildConfigurationList = D22839B51A82011F00855FDC /* Build configuration list for PBXNativeTarget "TouchTrackerTests" */;
			buildPhases = (
				D22839A41A82011F00855FDC /* Sources */,
				D22839A51A82011F00855FDC /* Frameworks */,
				D22839A61A82011F00855FDC /* Resources */,
			);
			buildRules = (
			);
			dependencies = (
				D22839AA1A82011F00855FDC /* PBXTargetDependency */,
			);
			name = TouchTrackerTests;
			productName = TouchTrackerTests;
			productReference = D22839A81A82011F00855FDC /* TouchTrackerTests.xctest */;
			productType = "com.apple.product-type.bundle.unit-test";
		};
/* End PBXNativeTarget section */

/* Begin PBXProject section */
		D22839871A82011F00855FDC /* Project object */ = {
			isa = PBXProject;
			attributes = {
				LastUpgradeCheck = 0610;
				ORGANIZATIONNAME = kho;
				TargetAttributes = {
					D228398E1A82011F00855FDC = {
						CreatedOnToolsVersion = 6.1.1;
					};
					D22839A71A82011F00855FDC = {
						CreatedOnToolsVersion = 6.1.1;
						TestTargetID = D228398E1A82011F00855FDC;
					};
				};
			};
			buildConfigurationList = D228398A1A82011F00855FDC /* Build configuration list for PBXProject "TouchTracker" */;
			compatibilityVersion = "Xcode 3.2";
			developmentRegion = English;
			hasScannedForEncodings = 0;
			knownRegions = (
				en,
				Base,
			);
			mainGroup = D22839861A82011F00855FDC;
			productRefGroup = D22839901A82011F00855FDC /* Products */;
			projectDirPath = "";
			projectRoot = "";
			targets = (
				D228398E1A82011F00855FDC /* TouchTracker */,
				D22839A71A82011F00855FDC /* TouchTrackerTests */,
			);
		};
/* End PBXProject section */

/* Begin PBXResourcesBuildPhase section */
		D228398D1A82011F00855FDC /* Resources */ = {
			isa = PBXResourcesBuildPhase;
			buildActionMask = 2147483647;
			files = (
				D22839A31A82011F00855FDC /* LaunchScreen.xib in Resources */,
				D22839A01A82011F00855FDC /* Images.xcassets in Resources */,
			);
			runOnlyForDeploymentPostprocessing = 0;
		};
		D22839A61A82011F00855FDC /* Resources */ = {
			isa = PBXResourcesBuildPhase;
			buildActionMask = 2147483647;
			files = (
			);
			runOnlyForDeploymentPostprocessing = 0;
		};
/* End PBXResourcesBuildPhase section */

/* Begin PBXSourcesBuildPhase section */
		D228398B1A82011F00855FDC /* Sources */ = {
			isa = PBXSourcesBuildPhase;
			buildActionMask = 2147483647;
			files = (
				D22839C01A82079F00855FDC /* KHODrawViewController.m in Sources */,
				D22839BD1A82076D00855FDC /* KHODrawView.m in Sources */,
				D22839981A82011F00855FDC /* AppDelegate.m in Sources */,
				D22839BA1A82073000855FDC /* KHOLine.m in Sources */,
				D22839951A82011F00855FDC /* main.m in Sources */,
			);
			runOnlyForDeploymentPostprocessing = 0;
		};
		D22839A41A82011F00855FDC /* Sources */ = {
			isa = PBXSourcesBuildPhase;
			buildActionMask = 2147483647;
			files = (
				D22839AF1A82011F00855FDC /* TouchTrackerTests.m in Sources */,
			);
			runOnlyForDeploymentPostprocessing = 0;
		};
/* End PBXSourcesBuildPhase section */

/* Begin PBXTargetDependency section */
		D22839AA1A82011F00855FDC /* PBXTargetDependency */ = {
			isa = PBXTargetDependency;
			target = D228398E1A82011F00855FDC /* TouchTracker */;
			targetProxy = D22839A91A82011F00855FDC /* PBXContainerItemProxy */;
		};
/* End PBXTargetDependency section */

/* Begin PBXVariantGroup section */
		D22839A11A82011F00855FDC /* LaunchScreen.xib */ = {
			isa = PBXVariantGroup;
			children = (
				D22839A21A82011F00855FDC /* Base */,
			);
			name = LaunchScreen.xib;
			sourceTree = "<group>";
		};
/* End PBXVariantGroup section */

/* Begin XCBuildConfiguration section */
		D22839B01A82011F00855FDC /* Debug */ = {
			isa = XCBuildConfiguration;
			buildSettings = {
				ALWAYS_SEARCH_USER_PATHS = NO;
				CLANG_CXX_LANGUAGE_STANDARD = "gnu++0x";
				CLANG_CXX_LIBRARY = "libc++";
				CLANG_ENABLE_MODULES = YES;
				CLANG_ENABLE_OBJC_ARC = YES;
				CLANG_WARN_BOOL_CONVERSION = YES;
				CLANG_WARN_CONSTANT_CONVERSION = YES;
				CLANG_WARN_DIRECT_OBJC_ISA_USAGE = YES_ERROR;
				CLANG_WARN_EMPTY_BODY = YES;
				CLANG_WARN_ENUM_CONVERSION = YES;
				CLANG_WARN_INT_CONVERSION = YES;
				CLANG_WARN_OBJC_ROOT_CLASS = YES_ERROR;
				CLANG_WARN_UNREACHABLE_CODE = YES;
				CLANG_WARN__DUPLICATE_METHOD_MATCH = YES;
				"CODE_SIGN_IDENTITY[sdk=iphoneos*]" = "iPhone Developer";
				COPY_PHASE_STRIP = NO;
				ENABLE_STRICT_OBJC_MSGSEND = YES;
				GCC_C_LANGUAGE_STANDARD = gnu99;
				GCC_DYNAMIC_NO_PIC = NO;
				GCC_OPTIMIZATION_LEVEL = 0;
				GCC_PREPROCESSOR_DEFINITIONS = (
					"DEBUG=1",
					"$(inherited)",
				);
				GCC_SYMBOLS_PRIVATE_EXTERN = NO;
				GCC_WARN_64_TO_32_BIT_CONVERSION = YES;
				GCC_WARN_ABOUT_RETURN_TYPE = YES_ERROR;
				GCC_WARN_UNDECLARED_SELECTOR = YES;
				GCC_WARN_UNINITIALIZED_AUTOS = YES_AGGRESSIVE;
				GCC_WARN_UNUSED_FUNCTION = YES;
				GCC_WARN_UNUSED_VARIABLE = YES;
				IPHONEOS_DEPLOYMENT_TARGET = 8.1;
				MTL_ENABLE_DEBUG_INFO = YES;
				ONLY_ACTIVE_ARCH = YES;
				SDKROOT = iphoneos;
			};
			name = Debug;
		};
		D22839B11A82011F00855FDC /* Release */ = {
			isa = XCBuildConfiguration;
			buildSettings = {
				ALWAYS_SEARCH_USER_PATHS = NO;
				CLANG_CXX_LANGUAGE_STANDARD = "gnu++0x";
				CLANG_CXX_LIBRARY = "libc++";
				CLANG_ENABLE_MODULES = YES;
				CLANG_ENABLE_OBJC_ARC = YES;
				CLANG_WARN_BOOL_CONVERSION = YES;
				CLANG_WARN_CONSTANT_CONVERSION = YES;
				CLANG_WARN_DIRECT_OBJC_ISA_USAGE = YES_ERROR;
				CLANG_WARN_EMPTY_BODY = YES;
				CLANG_WARN_ENUM_CONVERSION = YES;
				CLANG_WARN_INT_CONVERSION = YES;
				CLANG_WARN_OBJC_ROOT_CLASS = YES_ERROR;
				CLANG_WARN_UNREACHABLE_CODE = YES;
				CLANG_WARN__DUPLICATE_METHOD_MATCH = YES;
				"CODE_SIGN_IDENTITY[sdk=iphoneos*]" = "iPhone Developer";
				COPY_PHASE_STRIP = YES;
				ENABLE_NS_ASSERTIONS = NO;
				ENABLE_STRICT_OBJC_MSGSEND = YES;
				GCC_C_LANGUAGE_STANDARD = gnu99;
				GCC_WARN_64_TO_32_BIT_CONVERSION = YES;
				GCC_WARN_ABOUT_RETURN_TYPE = YES_ERROR;
				GCC_WARN_UNDECLARED_SELECTOR = YES;
				GCC_WARN_UNINITIALIZED_AUTOS = YES_AGGRESSIVE;
				GCC_WARN_UNUSED_FUNCTION = YES;
				GCC_WARN_UNUSED_VARIABLE = YES;
				IPHONEOS_DEPLOYMENT_TARGET = 8.1;
				MTL_ENABLE_DEBUG_INFO = NO;
				SDKROOT = iphoneos;
				VALIDATE_PRODUCT = YES;
			};
			name = Release;
		};
		D22839B31A82011F00855FDC /* Debug */ = {
			isa = XCBuildConfiguration;
			buildSettings = {
				ASSETCATALOG_COMPILER_APPICON_NAME = AppIcon;
				INFOPLIST_FILE = TouchTracker/Info.plist;
				LD_RUNPATH_SEARCH_PATHS = "$(inherited) @executable_path/Frameworks";
				PRODUCT_NAME = "$(TARGET_NAME)";
			};
			name = Debug;
		};
		D22839B41A82011F00855FDC /* Release */ = {
			isa = XCBuildConfiguration;
			buildSettings = {
				ASSETCATALOG_COMPILER_APPICON_NAME = AppIcon;
				INFOPLIST_FILE = TouchTracker/Info.plist;
				LD_RUNPATH_SEARCH_PATHS = "$(inherited) @executable_path/Frameworks";
				PRODUCT_NAME = "$(TARGET_NAME)";
			};
			name = Release;
		};
		D22839B61A82011F00855FDC /* Debug */ = {
			isa = XCBuildConfiguration;
			buildSettings = {
				BUNDLE_LOADER = "$(TEST_HOST)";
				FRAMEWORK_SEARCH_PATHS = (
					"$(SDKROOT)/Developer/Library/Frameworks",
					"$(inherited)",
				);
				GCC_PREPROCESSOR_DEFINITIONS = (
					"DEBUG=1",
					"$(inherited)",
				);
				INFOPLIST_FILE = TouchTrackerTests/Info.plist;
				LD_RUNPATH_SEARCH_PATHS = "$(inherited) @executable_path/Frameworks @loader_path/Frameworks";
				PRODUCT_NAME = "$(TARGET_NAME)";
				TEST_HOST = "$(BUILT_PRODUCTS_DIR)/TouchTracker.app/TouchTracker";
			};
			name = Debug;
		};
		D22839B71A82011F00855FDC /* Release */ = {
			isa = XCBuildConfiguration;
			buildSettings = {
				BUNDLE_LOADER = "$(TEST_HOST)";
				FRAMEWORK_SEARCH_PATHS = (
					"$(SDKROOT)/Developer/Library/Frameworks",
					"$(inherited)",
				);
				INFOPLIST_FILE = TouchTrackerTests/Info.plist;
				LD_RUNPATH_SEARCH_PATHS = "$(inherited) @executable_path/Frameworks @loader_path/Frameworks";
				PRODUCT_NAME = "$(TARGET_NAME)";
				TEST_HOST = "$(BUILT_PRODUCTS_DIR)/TouchTracker.app/TouchTracker";
			};
			name = Release;
		};
/* End XCBuildConfiguration section */

/* Begin XCConfigurationList section */
		D228398A1A82011F00855FDC /* Build configuration list for PBXProject "TouchTracker" */ = {
			isa = XCConfigurationList;
			buildConfigurations = (
				D22839B01A82011F00855FDC /* Debug */,
				D22839B11A82011F00855FDC /* Release */,
			);
			defaultConfigurationIsVisible = 0;
			defaultConfigurationName = Release;
		};
		D22839B21A82011F00855FDC /* Build configuration list for PBXNativeTarget "TouchTracker" */ = {
			isa = XCConfigurationList;
			buildConfigurations = (
				D22839B31A82011F00855FDC /* Debug */,
				D22839B41A82011F00855FDC /* Release */,
			);
			defaultConfigurationIsVisible = 0;
		};
		D22839B51A82011F00855FDC /* Build configuration list for PBXNativeTarget "TouchTrackerTests" */ = {
			isa = XCConfigurationList;
			buildConfigurations = (
				D22839B61A82011F00855FDC /* Debug */,
				D22839B71A82011F00855FDC /* Release */,
			);
			defaultConfigurationIsVisible = 0;
		};
/* End XCConfigurationList section */
	};
	rootObject = D22839871A82011F00855FDC /* Project object */;
}
